github.com/Jeffail/gabs/v2 v2.5.1 h1:ANfZYjpMlfTTKebycu4X1AgkVWumFVDYQl7JwOr4mDk=
github.com/Jeffail/gabs/v2 v2.5.1/go.mod h1:xCn81vdHKxFUuWWAaD5jCTQDNPBMh5pPs9IJ+NcziBI=
github.com/adityaxdiwakar/tda-go v0.0.0-20200720003608-6e71f979b4cb h1:m0FbaT6/O3g+4caspdb5CqfVjZGj2g4S64RoBabS/6I=
github.com/adityaxdiwakar/tda-go v0.0.0-20200720003608-6e71f979b4cb/go.mod h1:IdlyE0Lvz7UZH1xnnKEw332ZZ8zvO5lGLXnbBKzJQi4=
github.com/evanphx/json-patch v4.5.0+incompatible h1:ouOWdg56aJriqS0huScTkVXPC5IcNrDCXZ6OoTAWu7M=
github.com/evanphx/json-patch v4.5.0+incompatible/go.mod h1:50XU6AFN0ol/bzJsmQLiYLvXMP4fmwYFNcr97nuDLSk=
github.com/google/go-querystring v1.0.0 h1:Xkwi/a1rcvNg1PPYe5vI8GbeBY/jrVuDX5ASuANWTrk=
github.com/google/go-querystring v1.0.0/go.mod h1:odCYkC5MyYFN7vkCjXpyrEuKhc/BUO6wN/zVPAxq5ck=
github.com/gorilla/websocket v1.4.2 h1:+/TMaTYc4QFitKJxsQ7Yye35DkWvkdLcvGKqM+x0Ufc=
github.com/gorilla/websocket v1.4.2/go.mod h1:YR8l580nyteQvAITg2hZ9XVh4b55+EU/adAjf1fMHhE=
github.com/pkg/errors v0.9.1 h1:FEBLx1zS214owpjy7qsBeixbURkuhQAwrK5UwLGTwt4=
github.com/pkg/errors v0.9.1/go.mod h1:bwawxfHBFNV+L2hUp1rHADufV3IMtnDRdf1r5NINEl0=
